
Microsoft Visual Studio Solution File, Format Version 12.00
# Visual Studio Version 17
VisualStudioVersion = 17.3.32819.101
MinimumVisualStudioVersion = 10.0.40219.1
Project("{FAE04EC0-301F-11D3-BF4B-00C04F79EFBC}") = "TODOApplication", "TODOApplication\TODOApplication.csproj", "{BCDC197B-3FC9-427D-AF54-360485A885B7}"
EndProject
Global
	GlobalSection(SolutionConfigurationPlatforms) = preSolution
		Debug|Any CPU = Debug|Any CPU
		Release|Any CPU = Release|Any CPU
	EndGlobalSection
	GlobalSection(ProjectConfigurationPlatforms) = postSolution
		{BCDC197B-3FC9-427D-AF54-360485A885B7}.Debug|Any CPU.ActiveCfg = Debug|Any CPU
		{BCDC197B-3FC9-427D-AF54-360485A885B7}.Debug|Any CPU.Build.0 = Debug|Any CPU
		{BCDC197B-3FC9-427D-AF54-360485A885B7}.Release|Any CPU.ActiveCfg = Release|Any CPU
		{BCDC197B-3FC9-427D-AF54-360485A885B7}.Release|Any CPU.Build.0 = Release|Any CPU
	EndGlobalSection
	GlobalSection(SolutionProperties) = preSolution
		HideSolutionNode = FALSE
	EndGlobalSection
	GlobalSection(ExtensibilityGlobals) = postSolution
		SolutionGuid = {80CEA689-BF4D-4390-B19A-987EBA124F5A}
	EndGlobalSection
EndGlobal
